<Solution>
  <Folder Name="/Solution Items/">
    <File Path="global.json" />
  </Folder>
  <Project Path="Pdmt.Api.Tests/Pdmt.Api.Tests.csproj" Id="7f9d9a7d-f34e-4e12-a799-7fa4028263d7" />
  <Project Path="Pdmt.Api/Pdmt.Api.csproj" />
  <Project Path="Pdmt.Client/Pdmt.Client.csproj" />
  <Project Path="Pdmt.Web/Pdmt.Web.csproj" Id="cbbbda77-4d3f-4749-b847-9c3551591f79" />
</Solution>
