<Solution>
  <Folder Name="/Solution Items/">
    <File Path="global.json" />
  </Folder>
  <Folder Name="/Tests/">
    <Project Path="Pdmt.Api.Integration.Tests/Pdmt.Api.Integration.Tests.csproj"/>
    <Project Path="Pdmt.Api.Unit.Tests/Pdmt.Api.Unit.Tests.csproj" />
  </Folder>
  <Project Path="Pdmt.Api/Pdmt.Api.csproj" />
  <Project Path="Pdmt.Client/Pdmt.Client.csproj" />
  <Project Path="Pdmt.Maui/Pdmt.Maui.csproj" />
</Solution>
